{
  "requires": true,
  "lockfileVersion": 1,
  "dependencies": {
    "call-number": {
      "version": "git+https://github.com/rohfosho/CordovaCallNumberPlugin.git#a55dc2057dc20ebd635a8c088da17fcb255b6eb2"
    },
    "cordova-plugin-call-number": {
      "version": "1.0.1",
      "resolved": "https://registry.npmjs.org/cordova-plugin-call-number/-/cordova-plugin-call-number-1.0.1.tgz",
      "integrity": "sha1-3ZZDv6KzNKbGix5kqpYp5iJ8WfE="
    }
  }
}
